{
  "name": "uni-shop",
  "version": "1.0.0",
  "lockfileVersion": 2,
  "requires": true,
  "packages": {
    "": {
      "name": "uni-shop",
      "version": "1.0.0",
      "license": "ISC",
      "dependencies": {
        "uni-ajax": "^2.5.1"
      }
    },
    "node_modules/uni-ajax": {
      "version": "2.5.1",
      "resolved": "https://registry.npmjs.org/uni-ajax/-/uni-ajax-2.5.1.tgz",
      "integrity": "sha512-xmJY/yl5eRAb0b2qujTS1XNYhkSRWGL4PwkYqQrLpH2BMa2v/2zCJtqcTVUmqn4qQtdP3vLoFL86vaH3ABYAZA=="
    }
  },
  "dependencies": {
    "uni-ajax": {
      "version": "2.5.1",
      "resolved": "https://registry.npmjs.org/uni-ajax/-/uni-ajax-2.5.1.tgz",
      "integrity": "sha512-xmJY/yl5eRAb0b2qujTS1XNYhkSRWGL4PwkYqQrLpH2BMa2v/2zCJtqcTVUmqn4qQtdP3vLoFL86vaH3ABYAZA=="
    }
  }
}
